
Microsoft Visual Studio Solution File, Format Version 12.00
# Visual Studio Version 17
VisualStudioVersion = 17.9.34728.123
MinimumVisualStudioVersion = 10.0.40219.1
Project("{FAE04EC0-301F-11D3-BF4B-00C04F79EFBC}") = "Cajero3", "Cajero3\Cajero3.csproj", "{549AC89A-795D-421C-953A-9F0E499A45F5}"
EndProject
Global
	GlobalSection(SolutionConfigurationPlatforms) = preSolution
		Debug|Any CPU = Debug|Any CPU
		Release|Any CPU = Release|Any CPU
	EndGlobalSection
	GlobalSection(ProjectConfigurationPlatforms) = postSolution
		{549AC89A-795D-421C-953A-9F0E499A45F5}.Debug|Any CPU.ActiveCfg = Debug|Any CPU
		{549AC89A-795D-421C-953A-9F0E499A45F5}.Debug|Any CPU.Build.0 = Debug|Any CPU
		{549AC89A-795D-421C-953A-9F0E499A45F5}.Release|Any CPU.ActiveCfg = Release|Any CPU
		{549AC89A-795D-421C-953A-9F0E499A45F5}.Release|Any CPU.Build.0 = Release|Any CPU
	EndGlobalSection
	GlobalSection(SolutionProperties) = preSolution
		HideSolutionNode = FALSE
	EndGlobalSection
	GlobalSection(ExtensibilityGlobals) = postSolution
		SolutionGuid = {1E212A1A-FBC9-46A6-AFE6-9B9BE4DD38DD}
	EndGlobalSection
EndGlobal
